
Microsoft Visual Studio Solution File, Format Version 11.00
# Visual Studio 2010
Project("{F184B08F-C81C-45F6-A57F-5ABD9991F28F}") = "Cake Shop Management", "Cake Shop Management\Cake Shop Management.vbproj", "{DDDDA4FB-6879-40B4-958A-B0B9D4B0C2AD}"
EndProject
Global
	GlobalSection(SolutionConfigurationPlatforms) = preSolution
		Debug|Any CPU = Debug|Any CPU
		Release|Any CPU = Release|Any CPU
	EndGlobalSection
	GlobalSection(ProjectConfigurationPlatforms) = postSolution
		{DDDDA4FB-6879-40B4-958A-B0B9D4B0C2AD}.Debug|Any CPU.ActiveCfg = Debug|Any CPU
		{DDDDA4FB-6879-40B4-958A-B0B9D4B0C2AD}.Debug|Any CPU.Build.0 = Debug|Any CPU
		{DDDDA4FB-6879-40B4-958A-B0B9D4B0C2AD}.Release|Any CPU.ActiveCfg = Release|Any CPU
		{DDDDA4FB-6879-40B4-958A-B0B9D4B0C2AD}.Release|Any CPU.Build.0 = Release|Any CPU
	EndGlobalSection
	GlobalSection(SolutionProperties) = preSolution
		HideSolutionNode = FALSE
	EndGlobalSection
EndGlobal
